
Microsoft Visual Studio Solution File, Format Version 12.00
# Visual Studio 15
VisualStudioVersion = 15.0.26730.12
MinimumVisualStudioVersion = 10.0.40219.1
Project("{FAE04EC0-301F-11D3-BF4B-00C04F79EFBC}") = "Scraper", "Scraper.csproj", "{34BB604A-D3F7-47FF-85F2-A8E715431681}"
EndProject
Global
	GlobalSection(SolutionConfigurationPlatforms) = preSolution
		Debug|Any CPU = Debug|Any CPU
		Release|Any CPU = Release|Any CPU
	EndGlobalSection
	GlobalSection(ProjectConfigurationPlatforms) = postSolution
		{34BB604A-D3F7-47FF-85F2-A8E715431681}.Debug|Any CPU.ActiveCfg = Debug|Any CPU
		{34BB604A-D3F7-47FF-85F2-A8E715431681}.Debug|Any CPU.Build.0 = Debug|Any CPU
		{34BB604A-D3F7-47FF-85F2-A8E715431681}.Release|Any CPU.ActiveCfg = Release|Any CPU
		{34BB604A-D3F7-47FF-85F2-A8E715431681}.Release|Any CPU.Build.0 = Release|Any CPU
	EndGlobalSection
	GlobalSection(SolutionProperties) = preSolution
		HideSolutionNode = FALSE
	EndGlobalSection
	GlobalSection(ExtensibilityGlobals) = postSolution
		SolutionGuid = {AFB0202D-EE3A-406F-B414-EE6D594D03DB}
	EndGlobalSection
EndGlobal
